
Microsoft Visual Studio Solution File, Format Version 12.00
# Visual Studio 15
VisualStudioVersion = 15.0.28307.489
MinimumVisualStudioVersion = 10.0.40219.1
Project("{FAE04EC0-301F-11D3-BF4B-00C04F79EFBC}") = "lab4", "lab4\lab4.csproj", "{22121908-261E-4A1A-B7B1-B1A74BA3569B}"
EndProject
Global
	GlobalSection(SolutionConfigurationPlatforms) = preSolution
		Debug|Any CPU = Debug|Any CPU
		Release|Any CPU = Release|Any CPU
	EndGlobalSection
	GlobalSection(ProjectConfigurationPlatforms) = postSolution
		{22121908-261E-4A1A-B7B1-B1A74BA3569B}.Debug|Any CPU.ActiveCfg = Debug|Any CPU
		{22121908-261E-4A1A-B7B1-B1A74BA3569B}.Debug|Any CPU.Build.0 = Debug|Any CPU
		{22121908-261E-4A1A-B7B1-B1A74BA3569B}.Release|Any CPU.ActiveCfg = Release|Any CPU
		{22121908-261E-4A1A-B7B1-B1A74BA3569B}.Release|Any CPU.Build.0 = Release|Any CPU
	EndGlobalSection
	GlobalSection(SolutionProperties) = preSolution
		HideSolutionNode = FALSE
	EndGlobalSection
	GlobalSection(ExtensibilityGlobals) = postSolution
		SolutionGuid = {8AB229FC-F8EA-4755-AE8E-38A4CE1E3E0D}
	EndGlobalSection
EndGlobal
